
Microsoft Visual Studio Solution File, Format Version 12.00
# Visual Studio Version 17
VisualStudioVersion = 17.7.34009.444
MinimumVisualStudioVersion = 10.0.40219.1
Project("{FAE04EC0-301F-11D3-BF4B-00C04F79EFBC}") = "HarryBooks", "HarryBooks.csproj", "{90619148-8E88-4D50-84DD-CD711107B9C5}"
EndProject
Global
	GlobalSection(SolutionConfigurationPlatforms) = preSolution
		Debug|Any CPU = Debug|Any CPU
		Release|Any CPU = Release|Any CPU
	EndGlobalSection
	GlobalSection(ProjectConfigurationPlatforms) = postSolution
		{90619148-8E88-4D50-84DD-CD711107B9C5}.Debug|Any CPU.ActiveCfg = Debug|Any CPU
		{90619148-8E88-4D50-84DD-CD711107B9C5}.Debug|Any CPU.Build.0 = Debug|Any CPU
		{90619148-8E88-4D50-84DD-CD711107B9C5}.Release|Any CPU.ActiveCfg = Release|Any CPU
		{90619148-8E88-4D50-84DD-CD711107B9C5}.Release|Any CPU.Build.0 = Release|Any CPU
	EndGlobalSection
	GlobalSection(SolutionProperties) = preSolution
		HideSolutionNode = FALSE
	EndGlobalSection
	GlobalSection(ExtensibilityGlobals) = postSolution
		SolutionGuid = {119DE36F-8C18-4A89-A839-0FAC41AB320B}
	EndGlobalSection
EndGlobal
